// !$*UTF8*$!
{
	archiveVersion = 1;
	classes = {
	};
	objectVersion = 46;
	objects = {

/* Begin PBXBuildFile section */
		25A0FD8CB114FAB7674120B2 /* Pods_Where_Is_My_Money_IOsTests.framework in Frameworks */ = {isa = PBXBuildFile; fileRef = F019B2ED202CBA693A013F2A /* Pods_Where_Is_My_Money_IOsTests.framework */; };
		7FA17C43E2FAB18EA0EE18B4 /* Pods_Where_Is_My_Money_IOs.framework in Frameworks */ = {isa = PBXBuildFile; fileRef = 50F2C36E6FC332DDA972CAF9 /* Pods_Where_Is_My_Money_IOs.framework */; };
		840141A51E81465E003A558E /* AppDelegate.swift in Sources */ = {isa = PBXBuildFile; fileRef = 840141A41E81465E003A558E /* AppDelegate.swift */; };
		840141AA1E81465E003A558E /* Main.storyboard in Resources */ = {isa = PBXBuildFile; fileRef = 840141A81E81465E003A558E /* Main.storyboard */; };
		840141AD1E81465E003A558E /* Where_Is_My_Money_IOs.xcdatamodeld in Sources */ = {isa = PBXBuildFile; fileRef = 840141AB1E81465E003A558E /* Where_Is_My_Money_IOs.xcdatamodeld */; };
		840141AF1E81465E003A558E /* Assets.xcassets in Resources */ = {isa = PBXBuildFile; fileRef = 840141AE1E81465E003A558E /* Assets.xcassets */; };
		840141B21E81465E003A558E /* LaunchScreen.storyboard in Resources */ = {isa = PBXBuildFile; fileRef = 840141B01E81465E003A558E /* LaunchScreen.storyboard */; };
		840141BD1E81465F003A558E /* Where_Is_My_Money_IOsTests.swift in Sources */ = {isa = PBXBuildFile; fileRef = 840141BC1E81465F003A558E /* Where_Is_My_Money_IOsTests.swift */; };
		840141C81E81465F003A558E /* Where_Is_My_Money_IOsUITests.swift in Sources */ = {isa = PBXBuildFile; fileRef = 840141C71E81465F003A558E /* Where_Is_My_Money_IOsUITests.swift */; };
		849A15AF1E82B24800A09CCB /* Transaction.swift in Sources */ = {isa = PBXBuildFile; fileRef = 849A15AE1E82B24800A09CCB /* Transaction.swift */; };
		849A15B11E82B2EF00A09CCB /* CategoryTransaction.swift in Sources */ = {isa = PBXBuildFile; fileRef = 849A15B01E82B2EF00A09CCB /* CategoryTransaction.swift */; };
		849A15B31E82B33900A09CCB /* Account.swift in Sources */ = {isa = PBXBuildFile; fileRef = 849A15B21E82B33900A09CCB /* Account.swift */; };
		849A15B61E82BE6900A09CCB /* CategoriesTableViewController.swift in Sources */ = {isa = PBXBuildFile; fileRef = 849A15B51E82BE6900A09CCB /* CategoriesTableViewController.swift */; };
		849A15B81E82C4BF00A09CCB /* AccountsTableViewController.swift in Sources */ = {isa = PBXBuildFile; fileRef = 849A15B71E82C4BF00A09CCB /* AccountsTableViewController.swift */; };
		849A15BA1E82C9C600A09CCB /* AccountFormViewController.swift in Sources */ = {isa = PBXBuildFile; fileRef = 849A15B91E82C9C600A09CCB /* AccountFormViewController.swift */; };
		849A15BD1E82D7EE00A09CCB /* TransactionFormViewController.swift in Sources */ = {isa = PBXBuildFile; fileRef = 849A15BC1E82D7EE00A09CCB /* TransactionFormViewController.swift */; };
		849A15BF1E831BE400A09CCB /* TransactionTableViewCell.swift in Sources */ = {isa = PBXBuildFile; fileRef = 849A15BE1E831BE400A09CCB /* TransactionTableViewCell.swift */; };
		849A15C11E831BF400A09CCB /* AccountTableViewCell.swift in Sources */ = {isa = PBXBuildFile; fileRef = 849A15C01E831BF400A09CCB /* AccountTableViewCell.swift */; };
		84A4EDCB1E8147F5002A9EA8 /* GoogleService-Info.plist in Resources */ = {isa = PBXBuildFile; fileRef = 84A4EDCA1E8147F5002A9EA8 /* GoogleService-Info.plist */; };
		84A4EDCD1E814B65002A9EA8 /* TransactionsTableViewController.swift in Sources */ = {isa = PBXBuildFile; fileRef = 84A4EDCC1E814B65002A9EA8 /* TransactionsTableViewController.swift */; };
		DF2323E5156D793F92D747FB /* Pods_Where_Is_My_Money_IOsUITests.framework in Frameworks */ = {isa = PBXBuildFile; fileRef = D39367F676A67ECED8B8DB28 /* Pods_Where_Is_My_Money_IOsUITests.framework */; };
/* End PBXBuildFile section */

/* Begin PBXContainerItemProxy section */
		840141B91E81465F003A558E /* PBXContainerItemProxy */ = {
			isa = PBXContainerItemProxy;
			containerPortal = 840141991E81465E003A558E /* Project object */;
			proxyType = 1;
			remoteGlobalIDString = 840141A01E81465E003A558E;
			remoteInfo = "Where Is My Money IOs";
		};
		840141C41E81465F003A558E /* PBXContainerItemProxy */ = {
			isa = PBXContainerItemProxy;
			containerPortal = 840141991E81465E003A558E /* Project object */;
			proxyType = 1;
			remoteGlobalIDString = 840141A01E81465E003A558E;
			remoteInfo = "Where Is My Money IOs";
		};
/* End PBXContainerItemProxy section */

/* Begin PBXFileReference section */
		1EDA7A140DE76050ACFAC8CE /* Pods-Where Is My Money IOsTests.release.xcconfig */ = {isa = PBXFileReference; includeInIndex = 1; lastKnownFileType = text.xcconfig; name = "Pods-Where Is My Money IOsTests.release.xcconfig"; path = "Pods/Target Support Files/Pods-Where Is My Money IOsTests/Pods-Where Is My Money IOsTests.release.xcconfig"; sourceTree = "<group>"; };
		2F702265228D30801F9FC3AD /* Pods-Where Is My Money IOsUITests.debug.xcconfig */ = {isa = PBXFileReference; includeInIndex = 1; lastKnownFileType = text.xcconfig; name = "Pods-Where Is My Money IOsUITests.debug.xcconfig"; path = "Pods/Target Support Files/Pods-Where Is My Money IOsUITests/Pods-Where Is My Money IOsUITests.debug.xcconfig"; sourceTree = "<group>"; };
		43B4D662945292A9F0A2806D /* Pods-Where Is My Money IOsTests.debug.xcconfig */ = {isa = PBXFileReference; includeInIndex = 1; lastKnownFileType = text.xcconfig; name = "Pods-Where Is My Money IOsTests.debug.xcconfig"; path = "Pods/Target Support Files/Pods-Where Is My Money IOsTests/Pods-Where Is My Money IOsTests.debug.xcconfig"; sourceTree = "<group>"; };
		50F2C36E6FC332DDA972CAF9 /* Pods_Where_Is_My_Money_IOs.framework */ = {isa = PBXFileReference; explicitFileType = wrapper.framework; includeInIndex = 0; path = Pods_Where_Is_My_Money_IOs.framework; sourceTree = BUILT_PRODUCTS_DIR; };
		724C62E7E925CBFB35A13715 /* Pods-Where Is My Money IOs.debug.xcconfig */ = {isa = PBXFileReference; includeInIndex = 1; lastKnownFileType = text.xcconfig; name = "Pods-Where Is My Money IOs.debug.xcconfig"; path = "Pods/Target Support Files/Pods-Where Is My Money IOs/Pods-Where Is My Money IOs.debug.xcconfig"; sourceTree = "<group>"; };
		72CC4FD810F120EA6E619F4E /* Pods-Where Is My Money IOsUITests.release.xcconfig */ = {isa = PBXFileReference; includeInIndex = 1; lastKnownFileType = text.xcconfig; name = "Pods-Where Is My Money IOsUITests.release.xcconfig"; path = "Pods/Target Support Files/Pods-Where Is My Money IOsUITests/Pods-Where Is My Money IOsUITests.release.xcconfig"; sourceTree = "<group>"; };
		840141A11E81465E003A558E /* Where Is My Money IOs.app */ = {isa = PBXFileReference; explicitFileType = wrapper.application; includeInIndex = 0; path = "Where Is My Money IOs.app"; sourceTree = BUILT_PRODUCTS_DIR; };
		840141A41E81465E003A558E /* AppDelegate.swift */ = {isa = PBXFileReference; lastKnownFileType = sourcecode.swift; path = AppDelegate.swift; sourceTree = "<group>"; };
		840141A91E81465E003A558E /* Base */ = {isa = PBXFileReference; lastKnownFileType = file.storyboard; name = Base; path = Base.lproj/Main.storyboard; sourceTree = "<group>"; };
		840141AC1E81465E003A558E /* Where_Is_My_Money_IOs.xcdatamodel */ = {isa = PBXFileReference; lastKnownFileType = wrapper.xcdatamodel; path = Where_Is_My_Money_IOs.xcdatamodel; sourceTree = "<group>"; };
		840141AE1E81465E003A558E /* Assets.xcassets */ = {isa = PBXFileReference; lastKnownFileType = folder.assetcatalog; path = Assets.xcassets; sourceTree = "<group>"; };
		840141B11E81465E003A558E /* Base */ = {isa = PBXFileReference; lastKnownFileType = file.storyboard; name = Base; path = Base.lproj/LaunchScreen.storyboard; sourceTree = "<group>"; };
		840141B31E81465E003A558E /* Info.plist */ = {isa = PBXFileReference; lastKnownFileType = text.plist.xml; path = Info.plist; sourceTree = "<group>"; };
		840141B81E81465F003A558E /* Where Is My Money IOsTests.xctest */ = {isa = PBXFileReference; explicitFileType = wrapper.cfbundle; includeInIndex = 0; path = "Where Is My Money IOsTests.xctest"; sourceTree = BUILT_PRODUCTS_DIR; };
		840141BC1E81465F003A558E /* Where_Is_My_Money_IOsTests.swift */ = {isa = PBXFileReference; lastKnownFileType = sourcecode.swift; path = Where_Is_My_Money_IOsTests.swift; sourceTree = "<group>"; };
		840141BE1E81465F003A558E /* Info.plist */ = {isa = PBXFileReference; lastKnownFileType = text.plist.xml; path = Info.plist; sourceTree = "<group>"; };
		840141C31E81465F003A558E /* Where Is My Money IOsUITests.xctest */ = {isa = PBXFileReference; explicitFileType = wrapper.cfbundle; includeInIndex = 0; path = "Where Is My Money IOsUITests.xctest"; sourceTree = BUILT_PRODUCTS_DIR; };
		840141C71E81465F003A558E /* Where_Is_My_Money_IOsUITests.swift */ = {isa = PBXFileReference; lastKnownFileType = sourcecode.swift; path = Where_Is_My_Money_IOsUITests.swift; sourceTree = "<group>"; };
		840141C91E81465F003A558E /* Info.plist */ = {isa = PBXFileReference; lastKnownFileType = text.plist.xml; path = Info.plist; sourceTree = "<group>"; };
		849A15AE1E82B24800A09CCB /* Transaction.swift */ = {isa = PBXFileReference; fileEncoding = 4; lastKnownFileType = sourcecode.swift; path = Transaction.swift; sourceTree = "<group>"; };
		849A15B01E82B2EF00A09CCB /* CategoryTransaction.swift */ = {isa = PBXFileReference; fileEncoding = 4; lastKnownFileType = sourcecode.swift; path = CategoryTransaction.swift; sourceTree = "<group>"; };
		849A15B21E82B33900A09CCB /* Account.swift */ = {isa = PBXFileReference; fileEncoding = 4; lastKnownFileType = sourcecode.swift; path = Account.swift; sourceTree = "<group>"; };
		849A15B51E82BE6900A09CCB /* CategoriesTableViewController.swift */ = {isa = PBXFileReference; fileEncoding = 4; lastKnownFileType = sourcecode.swift; path = CategoriesTableViewController.swift; sourceTree = "<group>"; };
		849A15B71E82C4BF00A09CCB /* AccountsTableViewController.swift */ = {isa = PBXFileReference; fileEncoding = 4; lastKnownFileType = sourcecode.swift; path = AccountsTableViewController.swift; sourceTree = "<group>"; };
		849A15B91E82C9C600A09CCB /* AccountFormViewController.swift */ = {isa = PBXFileReference; fileEncoding = 4; lastKnownFileType = sourcecode.swift; path = AccountFormViewController.swift; sourceTree = "<group>"; };
		849A15BC1E82D7EE00A09CCB /* TransactionFormViewController.swift */ = {isa = PBXFileReference; fileEncoding = 4; lastKnownFileType = sourcecode.swift; path = TransactionFormViewController.swift; sourceTree = "<group>"; };
		849A15BE1E831BE400A09CCB /* TransactionTableViewCell.swift */ = {isa = PBXFileReference; fileEncoding = 4; lastKnownFileType = sourcecode.swift; path = TransactionTableViewCell.swift; sourceTree = "<group>"; };
		849A15C01E831BF400A09CCB /* AccountTableViewCell.swift */ = {isa = PBXFileReference; fileEncoding = 4; lastKnownFileType = sourcecode.swift; path = AccountTableViewCell.swift; sourceTree = "<group>"; };
		84A4EDCA1E8147F5002A9EA8 /* GoogleService-Info.plist */ = {isa = PBXFileReference; fileEncoding = 4; lastKnownFileType = text.plist.xml; path = "GoogleService-Info.plist"; sourceTree = "<group>"; };
		84A4EDCC1E814B65002A9EA8 /* TransactionsTableViewController.swift */ = {isa = PBXFileReference; fileEncoding = 4; lastKnownFileType = sourcecode.swift; path = TransactionsTableViewController.swift; sourceTree = "<group>"; };
		9DA446FA6CEAE14D192D0432 /* Pods-Where Is My Money IOs.release.xcconfig */ = {isa = PBXFileReference; includeInIndex = 1; lastKnownFileType = text.xcconfig; name = "Pods-Where Is My Money IOs.release.xcconfig"; path = "Pods/Target Support Files/Pods-Where Is My Money IOs/Pods-Where Is My Money IOs.release.xcconfig"; sourceTree = "<group>"; };
		D39367F676A67ECED8B8DB28 /* Pods_Where_Is_My_Money_IOsUITests.framework */ = {isa = PBXFileReference; explicitFileType = wrapper.framework; includeInIndex = 0; path = Pods_Where_Is_My_Money_IOsUITests.framework; sourceTree = BUILT_PRODUCTS_DIR; };
		F019B2ED202CBA693A013F2A /* Pods_Where_Is_My_Money_IOsTests.framework */ = {isa = PBXFileReference; explicitFileType = wrapper.framework; includeInIndex = 0; path = Pods_Where_Is_My_Money_IOsTests.framework; sourceTree = BUILT_PRODUCTS_DIR; };
/* End PBXFileReference section */

/* Begin PBXFrameworksBuildPhase section */
		8401419E1E81465E003A558E /* Frameworks */ = {
			isa = PBXFrameworksBuildPhase;
			buildActionMask = 2147483647;
			files = (
				7FA17C43E2FAB18EA0EE18B4 /* Pods_Where_Is_My_Money_IOs.framework in Frameworks */,
			);
			runOnlyForDeploymentPostprocessing = 0;
		};
		840141B51E81465F003A558E /* Frameworks */ = {
			isa = PBXFrameworksBuildPhase;
			buildActionMask = 2147483647;
			files = (
				25A0FD8CB114FAB7674120B2 /* Pods_Where_Is_My_Money_IOsTests.framework in Frameworks */,
			);
			runOnlyForDeploymentPostprocessing = 0;
		};
		840141C01E81465F003A558E /* Frameworks */ = {
			isa = PBXFrameworksBuildPhase;
			buildActionMask = 2147483647;
			files = (
				DF2323E5156D793F92D747FB /* Pods_Where_Is_My_Money_IOsUITests.framework in Frameworks */,
			);
			runOnlyForDeploymentPostprocessing = 0;
		};
/* End PBXFrameworksBuildPhase section */

/* Begin PBXGroup section */
		22B8ECDB48F1D98D09CA0942 /* Pods */ = {
			isa = PBXGroup;
			children = (
				724C62E7E925CBFB35A13715 /* Pods-Where Is My Money IOs.debug.xcconfig */,
				9DA446FA6CEAE14D192D0432 /* Pods-Where Is My Money IOs.release.xcconfig */,
				43B4D662945292A9F0A2806D /* Pods-Where Is My Money IOsTests.debug.xcconfig */,
				1EDA7A140DE76050ACFAC8CE /* Pods-Where Is My Money IOsTests.release.xcconfig */,
				2F702265228D30801F9FC3AD /* Pods-Where Is My Money IOsUITests.debug.xcconfig */,
				72CC4FD810F120EA6E619F4E /* Pods-Where Is My Money IOsUITests.release.xcconfig */,
			);
			name = Pods;
			sourceTree = "<group>";
		};
		840141981E81465E003A558E = {
			isa = PBXGroup;
			children = (
				840141A31E81465E003A558E /* Where Is My Money IOs */,
				840141BB1E81465F003A558E /* Where Is My Money IOsTests */,
				840141C61E81465F003A558E /* Where Is My Money IOsUITests */,
				840141A21E81465E003A558E /* Products */,
				22B8ECDB48F1D98D09CA0942 /* Pods */,
				E6353F2139EED59C913C6BE9 /* Frameworks */,
			);
			sourceTree = "<group>";
		};
		840141A21E81465E003A558E /* Products */ = {
			isa = PBXGroup;
			children = (
				840141A11E81465E003A558E /* Where Is My Money IOs.app */,
				840141B81E81465F003A558E /* Where Is My Money IOsTests.xctest */,
				840141C31E81465F003A558E /* Where Is My Money IOsUITests.xctest */,
			);
			name = Products;
			sourceTree = "<group>";
		};
		840141A31E81465E003A558E /* Where Is My Money IOs */ = {
			isa = PBXGroup;
			children = (
				849A15B41E82BB1E00A09CCB /* others */,
				849A15AD1E82B23500A09CCB /* models */,
				84A4EDCE1E814B77002A9EA8 /* controllers */,
				84A4EDD61E8155FF002A9EA8 /* datasources */,
				84A4EDCF1E814B8B002A9EA8 /* views */,
				84A4EDD01E814B9B002A9EA8 /* supporting files */,
				84A4EDD11E814BA8002A9EA8 /* database */,
				840141AE1E81465E003A558E /* Assets.xcassets */,
			);
			path = "Where Is My Money IOs";
			sourceTree = "<group>";
		};
		840141BB1E81465F003A558E /* Where Is My Money IOsTests */ = {
			isa = PBXGroup;
			children = (
				840141BC1E81465F003A558E /* Where_Is_My_Money_IOsTests.swift */,
				840141BE1E81465F003A558E /* Info.plist */,
			);
			path = "Where Is My Money IOsTests";
			sourceTree = "<group>";
		};
		840141C61E81465F003A558E /* Where Is My Money IOsUITests */ = {
			isa = PBXGroup;
			children = (
				840141C71E81465F003A558E /* Where_Is_My_Money_IOsUITests.swift */,
				840141C91E81465F003A558E /* Info.plist */,
			);
			path = "Where Is My Money IOsUITests";
			sourceTree = "<group>";
		};
		849A15AD1E82B23500A09CCB /* models */ = {
			isa = PBXGroup;
			children = (
				849A15B21E82B33900A09CCB /* Account.swift */,
				849A15AE1E82B24800A09CCB /* Transaction.swift */,
				849A15B01E82B2EF00A09CCB /* CategoryTransaction.swift */,
			);
			name = models;
			sourceTree = "<group>";
		};
		849A15B41E82BB1E00A09CCB /* others */ = {
			isa = PBXGroup;
			children = (
				840141A41E81465E003A558E /* AppDelegate.swift */,
			);
			name = others;
			sourceTree = "<group>";
		};
		84A4EDCE1E814B77002A9EA8 /* controllers */ = {
			isa = PBXGroup;
			children = (
				84A4EDCC1E814B65002A9EA8 /* TransactionsTableViewController.swift */,
				849A15BC1E82D7EE00A09CCB /* TransactionFormViewController.swift */,
				849A15BE1E831BE400A09CCB /* TransactionTableViewCell.swift */,
				849A15B51E82BE6900A09CCB /* CategoriesTableViewController.swift */,
				849A15B71E82C4BF00A09CCB /* AccountsTableViewController.swift */,
				849A15B91E82C9C600A09CCB /* AccountFormViewController.swift */,
				849A15C01E831BF400A09CCB /* AccountTableViewCell.swift */,
			);
			name = controllers;
			sourceTree = "<group>";
		};
		84A4EDCF1E814B8B002A9EA8 /* views */ = {
			isa = PBXGroup;
			children = (
				840141A81E81465E003A558E /* Main.storyboard */,
				840141B01E81465E003A558E /* LaunchScreen.storyboard */,
			);
			name = views;
			sourceTree = "<group>";
		};
		84A4EDD01E814B9B002A9EA8 /* supporting files */ = {
			isa = PBXGroup;
			children = (
				840141B31E81465E003A558E /* Info.plist */,
				84A4EDCA1E8147F5002A9EA8 /* GoogleService-Info.plist */,
			);
			name = "supporting files";
			sourceTree = "<group>";
		};
		84A4EDD11E814BA8002A9EA8 /* database */ = {
			isa = PBXGroup;
			children = (
				840141AB1E81465E003A558E /* Where_Is_My_Money_IOs.xcdatamodeld */,
			);
			name = database;
			sourceTree = "<group>";
		};
		84A4EDD61E8155FF002A9EA8 /* datasources */ = {
			isa = PBXGroup;
			children = (
			);
			name = datasources;
			sourceTree = "<group>";
		};
		E6353F2139EED59C913C6BE9 /* Frameworks */ = {
			isa = PBXGroup;
			children = (
				50F2C36E6FC332DDA972CAF9 /* Pods_Where_Is_My_Money_IOs.framework */,
				F019B2ED202CBA693A013F2A /* Pods_Where_Is_My_Money_IOsTests.framework */,
				D39367F676A67ECED8B8DB28 /* Pods_Where_Is_My_Money_IOsUITests.framework */,
			);
			name = Frameworks;
			sourceTree = "<group>";
		};
/* End PBXGroup section */

/* Begin PBXNativeTarget section */
		840141A01E81465E003A558E /* Where Is My Money IOs */ = {
			isa = PBXNativeTarget;
			buildConfigurationList = 840141CC1E81465F003A558E /* Build configuration list for PBXNativeTarget "Where Is My Money IOs" */;
			buildPhases = (
				0370BE67F26D53FE27DA4D1B /* [CP] Check Pods Manifest.lock */,
				8401419D1E81465E003A558E /* Sources */,
				8401419E1E81465E003A558E /* Frameworks */,
				8401419F1E81465E003A558E /* Resources */,
				5991BBF208B13DE699CAD202 /* [CP] Embed Pods Frameworks */,
				290CBC80EB9B2B68E62C8BAF /* [CP] Copy Pods Resources */,
			);
			buildRules = (
			);
			dependencies = (
			);
			name = "Where Is My Money IOs";
			productName = "Where Is My Money IOs";
			productReference = 840141A11E81465E003A558E /* Where Is My Money IOs.app */;
			productType = "com.apple.product-type.application";
		};
		840141B71E81465F003A558E /* Where Is My Money IOsTests */ = {
			isa = PBXNativeTarget;
			buildConfigurationList = 840141CF1E81465F003A558E /* Build configuration list for PBXNativeTarget "Where Is My Money IOsTests" */;
			buildPhases = (
				3B5A70692AE8DD082B41B6F7 /* [CP] Check Pods Manifest.lock */,
				840141B41E81465F003A558E /* Sources */,
				840141B51E81465F003A558E /* Frameworks */,
				840141B61E81465F003A558E /* Resources */,
				3BA42A2DAD844BE0FC59BB7B /* [CP] Embed Pods Frameworks */,
				052FF73BBBF948C4FF19B3AC /* [CP] Copy Pods Resources */,
			);
			buildRules = (
			);
			dependencies = (
				840141BA1E81465F003A558E /* PBXTargetDependency */,
			);
			name = "Where Is My Money IOsTests";
			productName = "Where Is My Money IOsTests";
			productReference = 840141B81E81465F003A558E /* Where Is My Money IOsTests.xctest */;
			productType = "com.apple.product-type.bundle.unit-test";
		};
		840141C21E81465F003A558E /* Where Is My Money IOsUITests */ = {
			isa = PBXNativeTarget;
			buildConfigurationList = 840141D21E81465F003A558E /* Build configuration list for PBXNativeTarget "Where Is My Money IOsUITests" */;
			buildPhases = (
				B0B0FCA18C650F3DEB47E439 /* [CP] Check Pods Manifest.lock */,
				840141BF1E81465F003A558E /* Sources */,
				840141C01E81465F003A558E /* Frameworks */,
				840141C11E81465F003A558E /* Resources */,
				A3A1838C5FD4E565061E628F /* [CP] Embed Pods Frameworks */,
				33B7F574F01A76F3CC1C12C9 /* [CP] Copy Pods Resources */,
			);
			buildRules = (
			);
			dependencies = (
				840141C51E81465F003A558E /* PBXTargetDependency */,
			);
			name = "Where Is My Money IOsUITests";
			productName = "Where Is My Money IOsUITests";
			productReference = 840141C31E81465F003A558E /* Where Is My Money IOsUITests.xctest */;
			productType = "com.apple.product-type.bundle.ui-testing";
		};
/* End PBXNativeTarget section */

/* Begin PBXProject section */
		840141991E81465E003A558E /* Project object */ = {
			isa = PBXProject;
			attributes = {
				LastSwiftUpdateCheck = 0820;
				LastUpgradeCheck = 0820;
				ORGANIZATIONNAME = "Ricardo Barbosa";
				TargetAttributes = {
					840141A01E81465E003A558E = {
						CreatedOnToolsVersion = 8.2.1;
						DevelopmentTeam = 9GX62FR565;
						ProvisioningStyle = Automatic;
					};
					840141B71E81465F003A558E = {
						CreatedOnToolsVersion = 8.2.1;
						DevelopmentTeam = 9GX62FR565;
						ProvisioningStyle = Automatic;
						TestTargetID = 840141A01E81465E003A558E;
					};
					840141C21E81465F003A558E = {
						CreatedOnToolsVersion = 8.2.1;
						DevelopmentTeam = 9GX62FR565;
						ProvisioningStyle = Automatic;
						TestTargetID = 840141A01E81465E003A558E;
					};
				};
			};
			buildConfigurationList = 8401419C1E81465E003A558E /* Build configuration list for PBXProject "Where Is My Money IOs" */;
			compatibilityVersion = "Xcode 3.2";
			developmentRegion = English;
			hasScannedForEncodings = 0;
			knownRegions = (
				en,
				Base,
			);
			mainGroup = 840141981E81465E003A558E;
			productRefGroup = 840141A21E81465E003A558E /* Products */;
			projectDirPath = "";
			projectRoot = "";
			targets = (
				840141A01E81465E003A558E /* Where Is My Money IOs */,
				840141B71E81465F003A558E /* Where Is My Money IOsTests */,
				840141C21E81465F003A558E /* Where Is My Money IOsUITests */,
			);
		};
/* End PBXProject section */

/* Begin PBXResourcesBuildPhase section */
		8401419F1E81465E003A558E /* Resources */ = {
			isa = PBXResourcesBuildPhase;
			buildActionMask = 2147483647;
			files = (
				840141B21E81465E003A558E /* LaunchScreen.storyboard in Resources */,
				84A4EDCB1E8147F5002A9EA8 /* GoogleService-Info.plist in Resources */,
				840141AF1E81465E003A558E /* Assets.xcassets in Resources */,
				840141AA1E81465E003A558E /* Main.storyboard in Resources */,
			);
			runOnlyForDeploymentPostprocessing = 0;
		};
		840141B61E81465F003A558E /* Resources */ = {
			isa = PBXResourcesBuildPhase;
			buildActionMask = 2147483647;
			files = (
			);
			runOnlyForDeploymentPostprocessing = 0;
		};
		840141C11E81465F003A558E /* Resources */ = {
			isa = PBXResourcesBuildPhase;
			buildActionMask = 2147483647;
			files = (
			);
			runOnlyForDeploymentPostprocessing = 0;
		};
/* End PBXResourcesBuildPhase section */

/* Begin PBXShellScriptBuildPhase section */
		0370BE67F26D53FE27DA4D1B /* [CP] Check Pods Manifest.lock */ = {
			isa = PBXShellScriptBuildPhase;
			buildActionMask = 2147483647;
			files = (
			);
			inputPaths = (
			);
			name = "[CP] Check Pods Manifest.lock";
			outputPaths = (
			);
			runOnlyForDeploymentPostprocessing = 0;
			shellPath = /bin/sh;
			shellScript = "diff \"${PODS_ROOT}/../Podfile.lock\" \"${PODS_ROOT}/Manifest.lock\" > /dev/null\nif [ $? != 0 ] ; then\n    # print error to STDERR\n    echo \"error: The sandbox is not in sync with the Podfile.lock. Run 'pod install' or update your CocoaPods installation.\" >&2\n    exit 1\nfi\n";
			showEnvVarsInLog = 0;
		};
		052FF73BBBF948C4FF19B3AC /* [CP] Copy Pods Resources */ = {
			isa = PBXShellScriptBuildPhase;
			buildActionMask = 2147483647;
			files = (
			);
			inputPaths = (
			);
			name = "[CP] Copy Pods Resources";
			outputPaths = (
			);
			runOnlyForDeploymentPostprocessing = 0;
			shellPath = /bin/sh;
			shellScript = "\"${SRCROOT}/Pods/Target Support Files/Pods-Where Is My Money IOsTests/Pods-Where Is My Money IOsTests-resources.sh\"\n";
			showEnvVarsInLog = 0;
		};
		290CBC80EB9B2B68E62C8BAF /* [CP] Copy Pods Resources */ = {
			isa = PBXShellScriptBuildPhase;
			buildActionMask = 2147483647;
			files = (
			);
			inputPaths = (
			);
			name = "[CP] Copy Pods Resources";
			outputPaths = (
			);
			runOnlyForDeploymentPostprocessing = 0;
			shellPath = /bin/sh;
			shellScript = "\"${SRCROOT}/Pods/Target Support Files/Pods-Where Is My Money IOs/Pods-Where Is My Money IOs-resources.sh\"\n";
			showEnvVarsInLog = 0;
		};
		33B7F574F01A76F3CC1C12C9 /* [CP] Copy Pods Resources */ = {
			isa = PBXShellScriptBuildPhase;
			buildActionMask = 2147483647;
			files = (
			);
			inputPaths = (
			);
			name = "[CP] Copy Pods Resources";
			outputPaths = (
			);
			runOnlyForDeploymentPostprocessing = 0;
			shellPath = /bin/sh;
			shellScript = "\"${SRCROOT}/Pods/Target Support Files/Pods-Where Is My Money IOsUITests/Pods-Where Is My Money IOsUITests-resources.sh\"\n";
			showEnvVarsInLog = 0;
		};
		3B5A70692AE8DD082B41B6F7 /* [CP] Check Pods Manifest.lock */ = {
			isa = PBXShellScriptBuildPhase;
			buildActionMask = 2147483647;
			files = (
			);
			inputPaths = (
			);
			name = "[CP] Check Pods Manifest.lock";
			outputPaths = (
			);
			runOnlyForDeploymentPostprocessing = 0;
			shellPath = /bin/sh;
			shellScript = "diff \"${PODS_ROOT}/../Podfile.lock\" \"${PODS_ROOT}/Manifest.lock\" > /dev/null\nif [ $? != 0 ] ; then\n    # print error to STDERR\n    echo \"error: The sandbox is not in sync with the Podfile.lock. Run 'pod install' or update your CocoaPods installation.\" >&2\n    exit 1\nfi\n";
			showEnvVarsInLog = 0;
		};
		3BA42A2DAD844BE0FC59BB7B /* [CP] Embed Pods Frameworks */ = {
			isa = PBXShellScriptBuildPhase;
			buildActionMask = 2147483647;
			files = (
			);
			inputPaths = (
			);
			name = "[CP] Embed Pods Frameworks";
			outputPaths = (
			);
			runOnlyForDeploymentPostprocessing = 0;
			shellPath = /bin/sh;
			shellScript = "\"${SRCROOT}/Pods/Target Support Files/Pods-Where Is My Money IOsTests/Pods-Where Is My Money IOsTests-frameworks.sh\"\n";
			showEnvVarsInLog = 0;
		};
		5991BBF208B13DE699CAD202 /* [CP] Embed Pods Frameworks */ = {
			isa = PBXShellScriptBuildPhase;
			buildActionMask = 2147483647;
			files = (
			);
			inputPaths = (
			);
			name = "[CP] Embed Pods Frameworks";
			outputPaths = (
			);
			runOnlyForDeploymentPostprocessing = 0;
			shellPath = /bin/sh;
			shellScript = "\"${SRCROOT}/Pods/Target Support Files/Pods-Where Is My Money IOs/Pods-Where Is My Money IOs-frameworks.sh\"\n";
			showEnvVarsInLog = 0;
		};
		A3A1838C5FD4E565061E628F /* [CP] Embed Pods Frameworks */ = {
			isa = PBXShellScriptBuildPhase;
			buildActionMask = 2147483647;
			files = (
			);
			inputPaths = (
			);
			name = "[CP] Embed Pods Frameworks";
			outputPaths = (
			);
			runOnlyForDeploymentPostprocessing = 0;
			shellPath = /bin/sh;
			shellScript = "\"${SRCROOT}/Pods/Target Support Files/Pods-Where Is My Money IOsUITests/Pods-Where Is My Money IOsUITests-frameworks.sh\"\n";
			showEnvVarsInLog = 0;
		};
		B0B0FCA18C650F3DEB47E439 /* [CP] Check Pods Manifest.lock */ = {
			isa = PBXShellScriptBuildPhase;
			buildActionMask = 2147483647;
			files = (
			);
			inputPaths = (
			);
			name = "[CP] Check Pods Manifest.lock";
			outputPaths = (
			);
			runOnlyForDeploymentPostprocessing = 0;
			shellPath = /bin/sh;
			shellScript = "diff \"${PODS_ROOT}/../Podfile.lock\" \"${PODS_ROOT}/Manifest.lock\" > /dev/null\nif [ $? != 0 ] ; then\n    # print error to STDERR\n    echo \"error: The sandbox is not in sync with the Podfile.lock. Run 'pod install' or update your CocoaPods installation.\" >&2\n    exit 1\nfi\n";
			showEnvVarsInLog = 0;
		};
/* End PBXShellScriptBuildPhase section */

/* Begin PBXSourcesBuildPhase section */
		8401419D1E81465E003A558E /* Sources */ = {
			isa = PBXSourcesBuildPhase;
			buildActionMask = 2147483647;
			files = (
				849A15C11E831BF400A09CCB /* AccountTableViewCell.swift in Sources */,
				849A15BA1E82C9C600A09CCB /* AccountFormViewController.swift in Sources */,
				849A15B11E82B2EF00A09CCB /* CategoryTransaction.swift in Sources */,
				840141A51E81465E003A558E /* AppDelegate.swift in Sources */,
				849A15B61E82BE6900A09CCB /* CategoriesTableViewController.swift in Sources */,
				849A15B81E82C4BF00A09CCB /* AccountsTableViewController.swift in Sources */,
				840141AD1E81465E003A558E /* Where_Is_My_Money_IOs.xcdatamodeld in Sources */,
				849A15BD1E82D7EE00A09CCB /* TransactionFormViewController.swift in Sources */,
				84A4EDCD1E814B65002A9EA8 /* TransactionsTableViewController.swift in Sources */,
				849A15AF1E82B24800A09CCB /* Transaction.swift in Sources */,
				849A15BF1E831BE400A09CCB /* TransactionTableViewCell.swift in Sources */,
				849A15B31E82B33900A09CCB /* Account.swift in Sources */,
			);
			runOnlyForDeploymentPostprocessing = 0;
		};
		840141B41E81465F003A558E /* Sources */ = {
			isa = PBXSourcesBuildPhase;
			buildActionMask = 2147483647;
			files = (
				840141BD1E81465F003A558E /* Where_Is_My_Money_IOsTests.swift in Sources */,
			);
			runOnlyForDeploymentPostprocessing = 0;
		};
		840141BF1E81465F003A558E /* Sources */ = {
			isa = PBXSourcesBuildPhase;
			buildActionMask = 2147483647;
			files = (
				840141C81E81465F003A558E /* Where_Is_My_Money_IOsUITests.swift in Sources */,
			);
			runOnlyForDeploymentPostprocessing = 0;
		};
/* End PBXSourcesBuildPhase section */

/* Begin PBXTargetDependency section */
		840141BA1E81465F003A558E /* PBXTargetDependency */ = {
			isa = PBXTargetDependency;
			target = 840141A01E81465E003A558E /* Where Is My Money IOs */;
			targetProxy = 840141B91E81465F003A558E /* PBXContainerItemProxy */;
		};
		840141C51E81465F003A558E /* PBXTargetDependency */ = {
			isa = PBXTargetDependency;
			target = 840141A01E81465E003A558E /* Where Is My Money IOs */;
			targetProxy = 840141C41E81465F003A558E /* PBXContainerItemProxy */;
		};
/* End PBXTargetDependency section */

/* Begin PBXVariantGroup section */
		840141A81E81465E003A558E /* Main.storyboard */ = {
			isa = PBXVariantGroup;
			children = (
				840141A91E81465E003A558E /* Base */,
			);
			name = Main.storyboard;
			sourceTree = "<group>";
		};
		840141B01E81465E003A558E /* LaunchScreen.storyboard */ = {
			isa = PBXVariantGroup;
			children = (
				840141B11E81465E003A558E /* Base */,
			);
			name = LaunchScreen.storyboard;
			sourceTree = "<group>";
		};
/* End PBXVariantGroup section */

/* Begin XCBuildConfiguration section */
		840141CA1E81465F003A558E /* Debug */ = {
			isa = XCBuildConfiguration;
			buildSettings = {
				ALWAYS_SEARCH_USER_PATHS = NO;
				CLANG_ANALYZER_NONNULL = YES;
				CLANG_CXX_LANGUAGE_STANDARD = "gnu++0x";
				CLANG_CXX_LIBRARY = "libc++";
				CLANG_ENABLE_MODULES = YES;
				CLANG_ENABLE_OBJC_ARC = YES;
				CLANG_WARN_BOOL_CONVERSION = YES;
				CLANG_WARN_CONSTANT_CONVERSION = YES;
				CLANG_WARN_DIRECT_OBJC_ISA_USAGE = YES_ERROR;
				CLANG_WARN_DOCUMENTATION_COMMENTS = YES;
				CLANG_WARN_EMPTY_BODY = YES;
				CLANG_WARN_ENUM_CONVERSION = YES;
				CLANG_WARN_INFINITE_RECURSION = YES;
				CLANG_WARN_INT_CONVERSION = YES;
				CLANG_WARN_OBJC_ROOT_CLASS = YES_ERROR;
				CLANG_WARN_SUSPICIOUS_MOVE = YES;
				CLANG_WARN_UNREACHABLE_CODE = YES;
				CLANG_WARN__DUPLICATE_METHOD_MATCH = YES;
				"CODE_SIGN_IDENTITY[sdk=iphoneos*]" = "iPhone Developer";
				COPY_PHASE_STRIP = NO;
				DEBUG_INFORMATION_FORMAT = dwarf;
				ENABLE_STRICT_OBJC_MSGSEND = YES;
				ENABLE_TESTABILITY = YES;
				GCC_C_LANGUAGE_STANDARD = gnu99;
				GCC_DYNAMIC_NO_PIC = NO;
				GCC_NO_COMMON_BLOCKS = YES;
				GCC_OPTIMIZATION_LEVEL = 0;
				GCC_PREPROCESSOR_DEFINITIONS = (
					"DEBUG=1",
					"$(inherited)",
				);
				GCC_WARN_64_TO_32_BIT_CONVERSION = YES;
				GCC_WARN_ABOUT_RETURN_TYPE = YES_ERROR;
				GCC_WARN_UNDECLARED_SELECTOR = YES;
				GCC_WARN_UNINITIALIZED_AUTOS = YES_AGGRESSIVE;
				GCC_WARN_UNUSED_FUNCTION = YES;
				GCC_WARN_UNUSED_VARIABLE = YES;
				IPHONEOS_DEPLOYMENT_TARGET = 10.2;
				MTL_ENABLE_DEBUG_INFO = YES;
				ONLY_ACTIVE_ARCH = YES;
				SDKROOT = iphoneos;
				SWIFT_ACTIVE_COMPILATION_CONDITIONS = DEBUG;
				SWIFT_OPTIMIZATION_LEVEL = "-Onone";
				TARGETED_DEVICE_FAMILY = "1,2";
			};
			name = Debug;
		};
		840141CB1E81465F003A558E /* Release */ = {
			isa = XCBuildConfiguration;
			buildSettings = {
				ALWAYS_SEARCH_USER_PATHS = NO;
				CLANG_ANALYZER_NONNULL = YES;
				CLANG_CXX_LANGUAGE_STANDARD = "gnu++0x";
				CLANG_CXX_LIBRARY = "libc++";
				CLANG_ENABLE_MODULES = YES;
				CLANG_ENABLE_OBJC_ARC = YES;
				CLANG_WARN_BOOL_CONVERSION = YES;
				CLANG_WARN_CONSTANT_CONVERSION = YES;
				CLANG_WARN_DIRECT_OBJC_ISA_USAGE = YES_ERROR;
				CLANG_WARN_DOCUMENTATION_COMMENTS = YES;
				CLANG_WARN_EMPTY_BODY = YES;
				CLANG_WARN_ENUM_CONVERSION = YES;
				CLANG_WARN_INFINITE_RECURSION = YES;
				CLANG_WARN_INT_CONVERSION = YES;
				CLANG_WARN_OBJC_ROOT_CLASS = YES_ERROR;
				CLANG_WARN_SUSPICIOUS_MOVE = YES;
				CLANG_WARN_UNREACHABLE_CODE = YES;
				CLANG_WARN__DUPLICATE_METHOD_MATCH = YES;
				"CODE_SIGN_IDENTITY[sdk=iphoneos*]" = "iPhone Developer";
				COPY_PHASE_STRIP = NO;
				DEBUG_INFORMATION_FORMAT = "dwarf-with-dsym";
				ENABLE_NS_ASSERTIONS = NO;
				ENABLE_STRICT_OBJC_MSGSEND = YES;
				GCC_C_LANGUAGE_STANDARD = gnu99;
				GCC_NO_COMMON_BLOCKS = YES;
				GCC_WARN_64_TO_32_BIT_CONVERSION = YES;
				GCC_WARN_ABOUT_RETURN_TYPE = YES_ERROR;
				GCC_WARN_UNDECLARED_SELECTOR = YES;
				GCC_WARN_UNINITIALIZED_AUTOS = YES_AGGRESSIVE;
				GCC_WARN_UNUSED_FUNCTION = YES;
				GCC_WARN_UNUSED_VARIABLE = YES;
				IPHONEOS_DEPLOYMENT_TARGET = 10.2;
				MTL_ENABLE_DEBUG_INFO = NO;
				SDKROOT = iphoneos;
				SWIFT_OPTIMIZATION_LEVEL = "-Owholemodule";
				TARGETED_DEVICE_FAMILY = "1,2";
				VALIDATE_PRODUCT = YES;
			};
			name = Release;
		};
		840141CD1E81465F003A558E /* Debug */ = {
			isa = XCBuildConfiguration;
			baseConfigurationReference = 724C62E7E925CBFB35A13715 /* Pods-Where Is My Money IOs.debug.xcconfig */;
			buildSettings = {
				ASSETCATALOG_COMPILER_APPICON_NAME = AppIcon;
				DEVELOPMENT_TEAM = 9GX62FR565;
				INFOPLIST_FILE = "Where Is My Money IOs/Info.plist";
				LD_RUNPATH_SEARCH_PATHS = "$(inherited) @executable_path/Frameworks";
				PRODUCT_BUNDLE_IDENTIFIER = "com.github.ricardosbarbosa.Where-Is-My-Money-IOs";
				PRODUCT_NAME = "$(TARGET_NAME)";
				SWIFT_VERSION = 3.0;
			};
			name = Debug;
		};
		840141CE1E81465F003A558E /* Release */ = {
			isa = XCBuildConfiguration;
			baseConfigurationReference = 9DA446FA6CEAE14D192D0432 /* Pods-Where Is My Money IOs.release.xcconfig */;
			buildSettings = {
				ASSETCATALOG_COMPILER_APPICON_NAME = AppIcon;
				DEVELOPMENT_TEAM = 9GX62FR565;
				INFOPLIST_FILE = "Where Is My Money IOs/Info.plist";
				LD_RUNPATH_SEARCH_PATHS = "$(inherited) @executable_path/Frameworks";
				PRODUCT_BUNDLE_IDENTIFIER = "com.github.ricardosbarbosa.Where-Is-My-Money-IOs";
				PRODUCT_NAME = "$(TARGET_NAME)";
				SWIFT_VERSION = 3.0;
			};
			name = Release;
		};
		840141D01E81465F003A558E /* Debug */ = {
			isa = XCBuildConfiguration;
			baseConfigurationReference = 43B4D662945292A9F0A2806D /* Pods-Where Is My Money IOsTests.debug.xcconfig */;
			buildSettings = {
				ALWAYS_EMBED_SWIFT_STANDARD_LIBRARIES = YES;
				BUNDLE_LOADER = "$(TEST_HOST)";
				DEVELOPMENT_TEAM = 9GX62FR565;
				INFOPLIST_FILE = "Where Is My Money IOsTests/Info.plist";
				LD_RUNPATH_SEARCH_PATHS = "$(inherited) @executable_path/Frameworks @loader_path/Frameworks";
				PRODUCT_BUNDLE_IDENTIFIER = "com.github.ricardosbarbosa.Where-Is-My-Money-IOsTests";
				PRODUCT_NAME = "$(TARGET_NAME)";
				SWIFT_VERSION = 3.0;
				TEST_HOST = "$(BUILT_PRODUCTS_DIR)/Where Is My Money IOs.app/Where Is My Money IOs";
			};
			name = Debug;
		};
		840141D11E81465F003A558E /* Release */ = {
			isa = XCBuildConfiguration;
			baseConfigurationReference = 1EDA7A140DE76050ACFAC8CE /* Pods-Where Is My Money IOsTests.release.xcconfig */;
			buildSettings = {
				ALWAYS_EMBED_SWIFT_STANDARD_LIBRARIES = YES;
				BUNDLE_LOADER = "$(TEST_HOST)";
				DEVELOPMENT_TEAM = 9GX62FR565;
				INFOPLIST_FILE = "Where Is My Money IOsTests/Info.plist";
				LD_RUNPATH_SEARCH_PATHS = "$(inherited) @executable_path/Frameworks @loader_path/Frameworks";
				PRODUCT_BUNDLE_IDENTIFIER = "com.github.ricardosbarbosa.Where-Is-My-Money-IOsTests";
				PRODUCT_NAME = "$(TARGET_NAME)";
				SWIFT_VERSION = 3.0;
				TEST_HOST = "$(BUILT_PRODUCTS_DIR)/Where Is My Money IOs.app/Where Is My Money IOs";
			};
			name = Release;
		};
		840141D31E81465F003A558E /* Debug */ = {
			isa = XCBuildConfiguration;
			baseConfigurationReference = 2F702265228D30801F9FC3AD /* Pods-Where Is My Money IOsUITests.debug.xcconfig */;
			buildSettings = {
				ALWAYS_EMBED_SWIFT_STANDARD_LIBRARIES = YES;
				DEVELOPMENT_TEAM = 9GX62FR565;
				INFOPLIST_FILE = "Where Is My Money IOsUITests/Info.plist";
				LD_RUNPATH_SEARCH_PATHS = "$(inherited) @executable_path/Frameworks @loader_path/Frameworks";
				PRODUCT_BUNDLE_IDENTIFIER = "com.github.ricardosbarbosa.Where-Is-My-Money-IOsUITests";
				PRODUCT_NAME = "$(TARGET_NAME)";
				SWIFT_VERSION = 3.0;
				TEST_TARGET_NAME = "Where Is My Money IOs";
			};
			name = Debug;
		};
		840141D41E81465F003A558E /* Release */ = {
			isa = XCBuildConfiguration;
			baseConfigurationReference = 72CC4FD810F120EA6E619F4E /* Pods-Where Is My Money IOsUITests.release.xcconfig */;
			buildSettings = {
				ALWAYS_EMBED_SWIFT_STANDARD_LIBRARIES = YES;
				DEVELOPMENT_TEAM = 9GX62FR565;
				INFOPLIST_FILE = "Where Is My Money IOsUITests/Info.plist";
				LD_RUNPATH_SEARCH_PATHS = "$(inherited) @executable_path/Frameworks @loader_path/Frameworks";
				PRODUCT_BUNDLE_IDENTIFIER = "com.github.ricardosbarbosa.Where-Is-My-Money-IOsUITests";
				PRODUCT_NAME = "$(TARGET_NAME)";
				SWIFT_VERSION = 3.0;
				TEST_TARGET_NAME = "Where Is My Money IOs";
			};
			name = Release;
		};
/* End XCBuildConfiguration section */

/* Begin XCConfigurationList section */
		8401419C1E81465E003A558E /* Build configuration list for PBXProject "Where Is My Money IOs" */ = {
			isa = XCConfigurationList;
			buildConfigurations = (
				840141CA1E81465F003A558E /* Debug */,
				840141CB1E81465F003A558E /* Release */,
			);
			defaultConfigurationIsVisible = 0;
			defaultConfigurationName = Release;
		};
		840141CC1E81465F003A558E /* Build configuration list for PBXNativeTarget "Where Is My Money IOs" */ = {
			isa = XCConfigurationList;
			buildConfigurations = (
				840141CD1E81465F003A558E /* Debug */,
				840141CE1E81465F003A558E /* Release */,
			);
			defaultConfigurationIsVisible = 0;
			defaultConfigurationName = Release;
		};
		840141CF1E81465F003A558E /* Build configuration list for PBXNativeTarget "Where Is My Money IOsTests" */ = {
			isa = XCConfigurationList;
			buildConfigurations = (
				840141D01E81465F003A558E /* Debug */,
				840141D11E81465F003A558E /* Release */,
			);
			defaultConfigurationIsVisible = 0;
			defaultConfigurationName = Release;
		};
		840141D21E81465F003A558E /* Build configuration list for PBXNativeTarget "Where Is My Money IOsUITests" */ = {
			isa = XCConfigurationList;
			buildConfigurations = (
				840141D31E81465F003A558E /* Debug */,
				840141D41E81465F003A558E /* Release */,
			);
			defaultConfigurationIsVisible = 0;
			defaultConfigurationName = Release;
		};
/* End XCConfigurationList section */

/* Begin XCVersionGroup section */
		840141AB1E81465E003A558E /* Where_Is_My_Money_IOs.xcdatamodeld */ = {
			isa = XCVersionGroup;
			children = (
				840141AC1E81465E003A558E /* Where_Is_My_Money_IOs.xcdatamodel */,
			);
			currentVersion = 840141AC1E81465E003A558E /* Where_Is_My_Money_IOs.xcdatamodel */;
			path = Where_Is_My_Money_IOs.xcdatamodeld;
			sourceTree = "<group>";
			versionGroupType = wrapper.xcdatamodel;
		};
/* End XCVersionGroup section */
	};
	rootObject = 840141991E81465E003A558E /* Project object */;
}
